{"1.2.0",
[{<<"cowboy">>,{pkg,<<"cowboy">>,<<"2.12.0">>},0},
 {<<"cowlib">>,{pkg,<<"cowlib">>,<<"2.13.0">>},1},
 {<<"jsx">>,{pkg,<<"jsx">>,<<"3.1.0">>},0},
 {<<"meck">>,
  {git,"https://github.com/eproxus/meck.git",
       {ref,"4ecc1ae9089edc6977e8c8c4cd41081513cc5590"}},
  3},
 {<<"protobuffs">>,
  {git,"https://github.com/basho/erlang_protobuffs.git",
       {ref,"098efad8f85dfe556d64e2cf6ce31f2075808f67"}},
  2},
 {<<"ranch">>,{pkg,<<"ranch">>,<<"1.8.0">>},1},
 {<<"riak_pb">>,
  {git,"https://github.com/basho/riak_pb",
       {ref,"04e8cc7daa081c23be137b1eff2a6a3fb827f8e4"}},
  1},
 {<<"riakc">>,
  {git,"https://github.com/atk21009/riak-erlang-client.git",
       {ref,"241de3333ca854d949ef83ae8ac343c921983131"}},
  0},
 {<<"uuid">>,
  {git,"https://github.com/avtobiff/erlang-uuid.git",
       {ref,"cb02a2039a9b29dd2eef0446039c9c6e164df9ef"}},
  0}]}.
[
{pkg_hash,[
 {<<"cowboy">>, <<"F276D521A1FF88B2B9B4C54D0E753DA6C66DD7BE6C9FCA3D9418B561828A3731">>},
 {<<"cowlib">>, <<"DB8F7505D8332D98EF50A3EF34B34C1AFDDEC7506E4EE4DD4A3A266285D282CA">>},
 {<<"jsx">>, <<"D12516BAA0BB23A59BB35DCCAF02A1BD08243FCBB9EFE24F2D9D056CCFF71268">>},
 {<<"ranch">>, <<"8C7A100A139FD57F17327B6413E4167AC559FBC04CA7448E9BE9057311597A1D">>}]},
{pkg_hash_ext,[
 {<<"cowboy">>, <<"8A7ABE6D183372CEB21CAA2709BEC928AB2B72E18A3911AA1771639BEF82651E">>},
 {<<"cowlib">>, <<"E1E1284DC3FC030A64B1AD0D8382AE7E99DA46C3246B815318A4B848873800A4">>},
 {<<"jsx">>, <<"0C5CC8FDC11B53CC25CF65AC6705AD39E54ECC56D1C22E4ADB8F5A53FB9427F3">>},
 {<<"ranch">>, <<"49FBCFD3682FAB1F5D109351B61257676DA1A2FDBE295904176D5E521A2DDFE5">>}]}
].
